
Microsoft Visual Studio Solution File, Format Version 12.00
# Visual Studio 15
VisualStudioVersion = 15.0.27130.2003
MinimumVisualStudioVersion = 10.0.40219.1
Project("{FAE04EC0-301F-11D3-BF4B-00C04F79EFBC}") = "SafetyManagementSystem", "SafetyManagementSystem\SafetyManagementSystem.csproj", "{D6914E57-030F-48E4-A6EF-533CCC7B17AB}"
EndProject
Global
	GlobalSection(SolutionConfigurationPlatforms) = preSolution
		Debug|Any CPU = Debug|Any CPU
		Release|Any CPU = Release|Any CPU
	EndGlobalSection
	GlobalSection(ProjectConfigurationPlatforms) = postSolution
		{D6914E57-030F-48E4-A6EF-533CCC7B17AB}.Debug|Any CPU.ActiveCfg = Debug|Any CPU
		{D6914E57-030F-48E4-A6EF-533CCC7B17AB}.Debug|Any CPU.Build.0 = Debug|Any CPU
		{D6914E57-030F-48E4-A6EF-533CCC7B17AB}.Release|Any CPU.ActiveCfg = Release|Any CPU
		{D6914E57-030F-48E4-A6EF-533CCC7B17AB}.Release|Any CPU.Build.0 = Release|Any CPU
	EndGlobalSection
	GlobalSection(SolutionProperties) = preSolution
		HideSolutionNode = FALSE
	EndGlobalSection
	GlobalSection(ExtensibilityGlobals) = postSolution
		SolutionGuid = {022AA4FF-1993-4D5E-9709-C9404DD0E68E}
	EndGlobalSection
EndGlobal
